
Microsoft Visual Studio Solution File, Format Version 12.00
# Visual Studio 14
VisualStudioVersion = 14.0.25123.0
MinimumVisualStudioVersion = 10.0.40219.1
Project("{FAE04EC0-301F-11D3-BF4B-00C04F79EFBC}") = "Apollon", "Apollon\Apollon.csproj", "{6EF9CA8E-B3EF-4F08-9DBF-275C6F09A997}"
EndProject
Project("{FAE04EC0-301F-11D3-BF4B-00C04F79EFBC}") = "Apollon.Common", "Apollon.Common\Apollon.Common.csproj", "{A84B585E-EF82-47A7-B9C3-2DB10D864068}"
EndProject
Global
	GlobalSection(SolutionConfigurationPlatforms) = preSolution
		Debug|Any CPU = Debug|Any CPU
		Debug|ARM = Debug|ARM
		Debug|x64 = Debug|x64
		Debug|x86 = Debug|x86
		Release|Any CPU = Release|Any CPU
		Release|ARM = Release|ARM
		Release|x64 = Release|x64
		Release|x86 = Release|x86
	EndGlobalSection
	GlobalSection(ProjectConfigurationPlatforms) = postSolution
		{6EF9CA8E-B3EF-4F08-9DBF-275C6F09A997}.Debug|Any CPU.ActiveCfg = Debug|x86
		{6EF9CA8E-B3EF-4F08-9DBF-275C6F09A997}.Debug|ARM.ActiveCfg = Debug|ARM
		{6EF9CA8E-B3EF-4F08-9DBF-275C6F09A997}.Debug|ARM.Build.0 = Debug|ARM
		{6EF9CA8E-B3EF-4F08-9DBF-275C6F09A997}.Debug|ARM.Deploy.0 = Debug|ARM
		{6EF9CA8E-B3EF-4F08-9DBF-275C6F09A997}.Debug|x64.ActiveCfg = Debug|x64
		{6EF9CA8E-B3EF-4F08-9DBF-275C6F09A997}.Debug|x64.Build.0 = Debug|x64
		{6EF9CA8E-B3EF-4F08-9DBF-275C6F09A997}.Debug|x64.Deploy.0 = Debug|x64
		{6EF9CA8E-B3EF-4F08-9DBF-275C6F09A997}.Debug|x86.ActiveCfg = Debug|x86
		{6EF9CA8E-B3EF-4F08-9DBF-275C6F09A997}.Debug|x86.Build.0 = Debug|x86
		{6EF9CA8E-B3EF-4F08-9DBF-275C6F09A997}.Debug|x86.Deploy.0 = Debug|x86
		{6EF9CA8E-B3EF-4F08-9DBF-275C6F09A997}.Release|Any CPU.ActiveCfg = Release|x86
		{6EF9CA8E-B3EF-4F08-9DBF-275C6F09A997}.Release|ARM.ActiveCfg = Release|ARM
		{6EF9CA8E-B3EF-4F08-9DBF-275C6F09A997}.Release|ARM.Build.0 = Release|ARM
		{6EF9CA8E-B3EF-4F08-9DBF-275C6F09A997}.Release|ARM.Deploy.0 = Release|ARM
		{6EF9CA8E-B3EF-4F08-9DBF-275C6F09A997}.Release|x64.ActiveCfg = Release|x64
		{6EF9CA8E-B3EF-4F08-9DBF-275C6F09A997}.Release|x64.Build.0 = Release|x64
		{6EF9CA8E-B3EF-4F08-9DBF-275C6F09A997}.Release|x64.Deploy.0 = Release|x64
		{6EF9CA8E-B3EF-4F08-9DBF-275C6F09A997}.Release|x86.ActiveCfg = Release|x86
		{6EF9CA8E-B3EF-4F08-9DBF-275C6F09A997}.Release|x86.Build.0 = Release|x86
		{6EF9CA8E-B3EF-4F08-9DBF-275C6F09A997}.Release|x86.Deploy.0 = Release|x86
		{A84B585E-EF82-47A7-B9C3-2DB10D864068}.Debug|Any CPU.ActiveCfg = Debug|Any CPU
		{A84B585E-EF82-47A7-B9C3-2DB10D864068}.Debug|Any CPU.Build.0 = Debug|Any CPU
		{A84B585E-EF82-47A7-B9C3-2DB10D864068}.Debug|ARM.ActiveCfg = Debug|ARM
		{A84B585E-EF82-47A7-B9C3-2DB10D864068}.Debug|ARM.Build.0 = Debug|ARM
		{A84B585E-EF82-47A7-B9C3-2DB10D864068}.Debug|x64.ActiveCfg = Debug|x64
		{A84B585E-EF82-47A7-B9C3-2DB10D864068}.Debug|x64.Build.0 = Debug|x64
		{A84B585E-EF82-47A7-B9C3-2DB10D864068}.Debug|x86.ActiveCfg = Debug|x86
		{A84B585E-EF82-47A7-B9C3-2DB10D864068}.Debug|x86.Build.0 = Debug|x86
		{A84B585E-EF82-47A7-B9C3-2DB10D864068}.Release|Any CPU.ActiveCfg = Release|Any CPU
		{A84B585E-EF82-47A7-B9C3-2DB10D864068}.Release|Any CPU.Build.0 = Release|Any CPU
		{A84B585E-EF82-47A7-B9C3-2DB10D864068}.Release|ARM.ActiveCfg = Release|ARM
		{A84B585E-EF82-47A7-B9C3-2DB10D864068}.Release|ARM.Build.0 = Release|ARM
		{A84B585E-EF82-47A7-B9C3-2DB10D864068}.Release|x64.ActiveCfg = Release|x64
		{A84B585E-EF82-47A7-B9C3-2DB10D864068}.Release|x64.Build.0 = Release|x64
		{A84B585E-EF82-47A7-B9C3-2DB10D864068}.Release|x86.ActiveCfg = Release|x86
		{A84B585E-EF82-47A7-B9C3-2DB10D864068}.Release|x86.Build.0 = Release|x86
	EndGlobalSection
	GlobalSection(SolutionProperties) = preSolution
		HideSolutionNode = FALSE
	EndGlobalSection
EndGlobal
